
Microsoft Visual Studio Solution File, Format Version 12.00
# Visual Studio Version 16
VisualStudioVersion = 16.0.31829.152
MinimumVisualStudioVersion = 10.0.40219.1
Project("{FAE04EC0-301F-11D3-BF4B-00C04F79EFBC}") = "Ex1-Cronometro", "Ex1-Cronometro.csproj", "{36B85C65-3075-4B5F-AE94-7A0512D330FC}"
EndProject
Global
	GlobalSection(SolutionConfigurationPlatforms) = preSolution
		Debug|Any CPU = Debug|Any CPU
		Release|Any CPU = Release|Any CPU
	EndGlobalSection
	GlobalSection(ProjectConfigurationPlatforms) = postSolution
		{36B85C65-3075-4B5F-AE94-7A0512D330FC}.Debug|Any CPU.ActiveCfg = Debug|Any CPU
		{36B85C65-3075-4B5F-AE94-7A0512D330FC}.Debug|Any CPU.Build.0 = Debug|Any CPU
		{36B85C65-3075-4B5F-AE94-7A0512D330FC}.Release|Any CPU.ActiveCfg = Release|Any CPU
		{36B85C65-3075-4B5F-AE94-7A0512D330FC}.Release|Any CPU.Build.0 = Release|Any CPU
	EndGlobalSection
	GlobalSection(SolutionProperties) = preSolution
		HideSolutionNode = FALSE
	EndGlobalSection
	GlobalSection(ExtensibilityGlobals) = postSolution
		SolutionGuid = {FAD150CB-438F-4EDF-83A7-4DF4B397C938}
	EndGlobalSection
EndGlobal
